
Microsoft Visual Studio Solution File, Format Version 12.00
# Visual Studio Version 17
VisualStudioVersion = 17.0.31903.59
MinimumVisualStudioVersion = 10.0.40219.1
Project("{2150E333-8FDC-42A3-9474-1A3956D46DE8}") = "src", "src", "{CC5CD900-ED2A-4625-A756-A4C711F591C6}"
EndProject
Project("{FAE04EC0-301F-11D3-BF4B-00C04F79EFBC}") = "SampleOnionApp.Domain", "src\SampleOnionApp.Domain\SampleOnionApp.Domain.csproj", "{9294870D-EEA1-49BD-B727-70F015D7DEFD}"
EndProject
Project("{FAE04EC0-301F-11D3-BF4B-00C04F79EFBC}") = "SampleOnionApp.Application", "src\SampleOnionApp.Application\SampleOnionApp.Application.csproj", "{4C2E89EB-0D63-48A6-862D-60A0C0AA458F}"
EndProject
Project("{FAE04EC0-301F-11D3-BF4B-00C04F79EFBC}") = "SampleOnionApp.Infrastructure", "src\SampleOnionApp.Infrastructure\SampleOnionApp.Infrastructure.csproj", "{AEF083C3-6143-4BE5-81B1-D755901C159D}"
EndProject
Project("{FAE04EC0-301F-11D3-BF4B-00C04F79EFBC}") = "SampleOnionApp.Presentation", "src\SampleOnionApp.Presentation\SampleOnionApp.Presentation.csproj", "{00ADCF8F-133C-4FC6-8FE5-C4847984543E}"
EndProject
Project("{FAE04EC0-301F-11D3-BF4B-00C04F79EFBC}") = "SampleOnionApp.McpServer", "src\SampleOnionApp.McpServer\SampleOnionApp.McpServer.csproj", "{C60A3C96-44DD-4446-B409-620B4E67E476}"
EndProject
Global
	GlobalSection(SolutionConfigurationPlatforms) = preSolution
		Debug|Any CPU = Debug|Any CPU
		Release|Any CPU = Release|Any CPU
	EndGlobalSection
	GlobalSection(SolutionProperties) = preSolution
		HideSolutionNode = FALSE
	EndGlobalSection
	GlobalSection(ProjectConfigurationPlatforms) = postSolution
		{9294870D-EEA1-49BD-B727-70F015D7DEFD}.Debug|Any CPU.ActiveCfg = Debug|Any CPU
		{9294870D-EEA1-49BD-B727-70F015D7DEFD}.Debug|Any CPU.Build.0 = Debug|Any CPU
		{9294870D-EEA1-49BD-B727-70F015D7DEFD}.Release|Any CPU.ActiveCfg = Release|Any CPU
		{9294870D-EEA1-49BD-B727-70F015D7DEFD}.Release|Any CPU.Build.0 = Release|Any CPU
		{4C2E89EB-0D63-48A6-862D-60A0C0AA458F}.Debug|Any CPU.ActiveCfg = Debug|Any CPU
		{4C2E89EB-0D63-48A6-862D-60A0C0AA458F}.Debug|Any CPU.Build.0 = Debug|Any CPU
		{4C2E89EB-0D63-48A6-862D-60A0C0AA458F}.Release|Any CPU.ActiveCfg = Release|Any CPU
		{4C2E89EB-0D63-48A6-862D-60A0C0AA458F}.Release|Any CPU.Build.0 = Release|Any CPU
		{AEF083C3-6143-4BE5-81B1-D755901C159D}.Debug|Any CPU.ActiveCfg = Debug|Any CPU
		{AEF083C3-6143-4BE5-81B1-D755901C159D}.Debug|Any CPU.Build.0 = Debug|Any CPU
		{AEF083C3-6143-4BE5-81B1-D755901C159D}.Release|Any CPU.ActiveCfg = Release|Any CPU
		{AEF083C3-6143-4BE5-81B1-D755901C159D}.Release|Any CPU.Build.0 = Release|Any CPU
		{00ADCF8F-133C-4FC6-8FE5-C4847984543E}.Debug|Any CPU.ActiveCfg = Debug|Any CPU
		{00ADCF8F-133C-4FC6-8FE5-C4847984543E}.Debug|Any CPU.Build.0 = Debug|Any CPU
		{00ADCF8F-133C-4FC6-8FE5-C4847984543E}.Release|Any CPU.ActiveCfg = Release|Any CPU
		{00ADCF8F-133C-4FC6-8FE5-C4847984543E}.Release|Any CPU.Build.0 = Release|Any CPU
		{C60A3C96-44DD-4446-B409-620B4E67E476}.Debug|Any CPU.ActiveCfg = Debug|Any CPU
		{C60A3C96-44DD-4446-B409-620B4E67E476}.Debug|Any CPU.Build.0 = Debug|Any CPU
		{C60A3C96-44DD-4446-B409-620B4E67E476}.Release|Any CPU.ActiveCfg = Release|Any CPU
		{C60A3C96-44DD-4446-B409-620B4E67E476}.Release|Any CPU.Build.0 = Release|Any CPU
	EndGlobalSection
	GlobalSection(NestedProjects) = preSolution
		{9294870D-EEA1-49BD-B727-70F015D7DEFD} = {CC5CD900-ED2A-4625-A756-A4C711F591C6}
		{4C2E89EB-0D63-48A6-862D-60A0C0AA458F} = {CC5CD900-ED2A-4625-A756-A4C711F591C6}
		{AEF083C3-6143-4BE5-81B1-D755901C159D} = {CC5CD900-ED2A-4625-A756-A4C711F591C6}
		{00ADCF8F-133C-4FC6-8FE5-C4847984543E} = {CC5CD900-ED2A-4625-A756-A4C711F591C6}
		{C60A3C96-44DD-4446-B409-620B4E67E476} = {CC5CD900-ED2A-4625-A756-A4C711F591C6}
	EndGlobalSection
EndGlobal
